
Microsoft Visual Studio Solution File, Format Version 12.00
# Visual Studio Version 17
VisualStudioVersion = 17.0.32112.339
MinimumVisualStudioVersion = 10.0.40219.1
Project("{FAE04EC0-301F-11D3-BF4B-00C04F79EFBC}") = "tp_aula03", "tp_aula03\tp_aula03.csproj", "{7DB4948A-1D86-43E1-B29C-0334B2B71843}"
EndProject
Global
	GlobalSection(SolutionConfigurationPlatforms) = preSolution
		Debug|Any CPU = Debug|Any CPU
		Release|Any CPU = Release|Any CPU
	EndGlobalSection
	GlobalSection(ProjectConfigurationPlatforms) = postSolution
		{7DB4948A-1D86-43E1-B29C-0334B2B71843}.Debug|Any CPU.ActiveCfg = Debug|Any CPU
		{7DB4948A-1D86-43E1-B29C-0334B2B71843}.Debug|Any CPU.Build.0 = Debug|Any CPU
		{7DB4948A-1D86-43E1-B29C-0334B2B71843}.Release|Any CPU.ActiveCfg = Release|Any CPU
		{7DB4948A-1D86-43E1-B29C-0334B2B71843}.Release|Any CPU.Build.0 = Release|Any CPU
	EndGlobalSection
	GlobalSection(SolutionProperties) = preSolution
		HideSolutionNode = FALSE
	EndGlobalSection
	GlobalSection(ExtensibilityGlobals) = postSolution
		SolutionGuid = {7F57BB64-CEDB-457E-9EA8-8A6D4C70E1D8}
	EndGlobalSection
EndGlobal
